Microsoft Visual Studio Solution File, Format Version 12.00
# Visual Studio Version 17
VisualStudioVersion = 17.13.35825.156
MinimumVisualStudioVersion = 10.0.40219.1
Project("{FAE04EC0-301F-11D3-BF4B-00C04F79EFBC}") = "Manajemen_Data_Murid", "Manajemen_Data_Murid.csproj", "{138321EE-498F-4949-9EAE-AF0D508B9944}"
EndProject
Global
	GlobalSection(SolutionConfigurationPlatforms) = preSolution
		Debug|Any CPU = Debug|Any CPU
		Release|Any CPU = Release|Any CPU
	EndGlobalSection
	GlobalSection(ProjectConfigurationPlatforms) = postSolution
		{138321EE-498F-4949-9EAE-AF0D508B9944}.Debug|Any CPU.ActiveCfg = Debug|Any CPU
		{138321EE-498F-4949-9EAE-AF0D508B9944}.Debug|Any CPU.Build.0 = Debug|Any CPU
		{138321EE-498F-4949-9EAE-AF0D508B9944}.Release|Any CPU.ActiveCfg = Release|Any CPU
		{138321EE-498F-4949-9EAE-AF0D508B9944}.Release|Any CPU.Build.0 = Release|Any CPU
	EndGlobalSection
	GlobalSection(SolutionProperties) = preSolution
		HideSolutionNode = FALSE
	EndGlobalSection
	GlobalSection(ExtensibilityGlobals) = postSolution
		SolutionGuid = {D7518FCB-F6E2-4187-97E1-11CF645DD997}
	EndGlobalSection
EndGlobal
